# GENERATED BY ORE — no editar a mano.
# Resolución determinista de dependencias. Sin este fichero no hay builds
# reproducibles: `bundle = f(repo@commit, versión OOS, ontology.lock)`.

lockfileVersion: 1
oosVersion: v1alpha1

packages:
  # ── Paquetes locales de este repositorio ────────────────────────────────────
  - name: acme/customers
    version: 2.1.0
    source: { type: local, path: packages/customers }
    integrity: "sha256:4f1c8a9e2b7d0356fa8e1c94b02d7e6a5388fc1b0d94e27a6ff3c8102b5d9e41"

  - name: acme/supply_chain
    version: 2.4.0
    source: { type: local, path: packages/supply_chain }
    integrity: "sha256:9b3e7d21c05a8f46e91d2b7c3a05e84fd162b90ac47e5183da9c60b2ef714a08"
    dependencies:
      - { name: acme/customers, range: ">=2.0.0 <3.0.0", resolved: 2.1.0 }
      - { name: acme/finance,   range: "^1.3.0",         resolved: 1.4.2 }

  - name: acme/people
    version: 1.9.0
    source: { type: local, path: packages/people }
    integrity: "sha256:c72f019ab34e8d5162bc0a7f39e841d05b6ca2e93f087d41ba5e2c98f306710d"
    dependencies:
      - { name: acme/finance, range: "^1.3.0", resolved: 1.4.2 }

  # ── Dependencia externa: el registry ────────────────────────────────────────
  # Ontologías base sectoriales que la empresa extiende en vez de reinventar.
  # Es el momento npm del espacio semántico.
  - name: acme/finance
    version: 1.4.2
    source:
      type: registry
      registry: oci://ghcr.io/acme/ontologies
      digest: "sha256:e1a70bc9d4f2385a06cb17d9e4a3f81205cd76b3ea19f8402c5d7be9013f6a2c"
    signature:
      verified: true
      signer: "https://github.com/acme/finance-ontology/.github/workflows/release.yml@refs/tags/v1.4.2"
      transparencyLog: "rekor.sigstore.dev"
    provides: [finance.FxRate, finance.CostCenter, finance.GLAccount]
