lockfileVersion: 1
generatedFor: minimal@0.1.0
profiles:
  oos:
    version: v1alpha1
    digest: sha256:4b1d7c9a2e5f80b36d4a1c8e07f92b5d3a6c0e18f4b7d92a5c3e60f18b4d7a2c
packages:
  - name: oos.dev/regulatory/gdpr
    version: 2.1.5
    range: "^2.1"
    resolved: https://registry.oos.dev/regulatory/gdpr/-/gdpr-2.1.5.oob
    digest: sha256:b71c04e9a2d85f36c0a417e83b95d24f6a0c13e7d85b09f4a2c76e01d3b58a6f
    requestedBy: root
resolution:
  digest: sha256:0d59c2b81a74e63f05a8c17d92b40e6f3a81c05d72e94b16a0c38f52d7b19e4a
  packageCount: 1
  conflicts: []
