lockfileVersion: 1
generatedFor: rrhh

packages:

  - name: oos.dev/regulatory/gdpr
    version: 0.1.0
    resolved: file:vendor/gdpr-0.1.0.oob
    digest: sha256:ded9faf5a8589405b3cfd3d8a285f074a18527209328de93b6e52d7db0338aba
    range: "^0.1"
    signedBy: [oos.dev]
    logged: ["oos.dev/log"]
    requestedBy: root

logs:

  - id: "oos.dev/log"
    treeSize: 2
    root: 6368ef633a37991447361597acbd642c8554096c792e86ec96a52c4602db9015
